
Microsoft Visual Studio Solution File, Format Version 12.00
# Visual Studio Version 17
VisualStudioVersion = 17.4.33122.133
MinimumVisualStudioVersion = 10.0.40219.1
Project("{FAE04EC0-301F-11D3-BF4B-00C04F79EFBC}") = "PhoneBook.Domain", "PhoneBook.Domain\PhoneBook.Domain.csproj", "{427E249E-82CB-4874-97C4-FD7A9A096638}"
EndProject
Project("{FAE04EC0-301F-11D3-BF4B-00C04F79EFBC}") = "PhoneBook.Infrastructure", "PhoneBook.Infrastructure\PhoneBook.Infrastructure.csproj", "{D2D3DD9A-7A11-414A-81D9-582C28311B1A}"
EndProject
Global
	GlobalSection(SolutionConfigurationPlatforms) = preSolution
		Debug|Any CPU = Debug|Any CPU
		Release|Any CPU = Release|Any CPU
	EndGlobalSection
	GlobalSection(ProjectConfigurationPlatforms) = postSolution
		{427E249E-82CB-4874-97C4-FD7A9A096638}.Debug|Any CPU.ActiveCfg = Debug|Any CPU
		{427E249E-82CB-4874-97C4-FD7A9A096638}.Debug|Any CPU.Build.0 = Debug|Any CPU
		{427E249E-82CB-4874-97C4-FD7A9A096638}.Release|Any CPU.ActiveCfg = Release|Any CPU
		{427E249E-82CB-4874-97C4-FD7A9A096638}.Release|Any CPU.Build.0 = Release|Any CPU
		{D2D3DD9A-7A11-414A-81D9-582C28311B1A}.Debug|Any CPU.ActiveCfg = Debug|Any CPU
		{D2D3DD9A-7A11-414A-81D9-582C28311B1A}.Debug|Any CPU.Build.0 = Debug|Any CPU
		{D2D3DD9A-7A11-414A-81D9-582C28311B1A}.Release|Any CPU.ActiveCfg = Release|Any CPU
		{D2D3DD9A-7A11-414A-81D9-582C28311B1A}.Release|Any CPU.Build.0 = Release|Any CPU
	EndGlobalSection
	GlobalSection(SolutionProperties) = preSolution
		HideSolutionNode = FALSE
	EndGlobalSection
	GlobalSection(ExtensibilityGlobals) = postSolution
		SolutionGuid = {B2610211-CCBF-4590-AC0E-47A4CABDE350}
	EndGlobalSection
EndGlobal
